# THIS IS AN AUTOGENERATED FILE. DO NOT EDIT THIS FILE DIRECTLY.
# yarn lockfile v1


"@firebase/app-types@0.6.3":
  version "0.6.3"
  resolved "https://registry.npmjs.org/@firebase/app-types/-/app-types-0.6.3.tgz#3f10514786aad846d74cd63cb693556309918f4b"
  integrity sha512-/M13DPPati7FQHEQ9Minjk1HGLm/4K4gs9bR4rzLCWJg64yGtVC0zNg9gDpkw9yc2cvol/mNFxqTtd4geGrwdw==

"@firebase/auth-types@^0.10.3":
  version "0.10.3"
  resolved "https://registry.npmjs.org/@firebase/auth-types/-/auth-types-0.10.3.tgz#2be7dd93959c8f5304c63e09e98718e103464d8c"
  integrity sha512-zExrThRqyqGUbXOFrH/sowuh2rRtfKHp9SBVY2vOqKWdCX1Ztn682n9WLtlUDsiYVIbBcwautYWk2HyCGFv0OA==

"@firebase/database-types@^0.7.2":
  version "0.7.3"
  resolved "https://registry.npmjs.org/@firebase/database-types/-/database-types-0.7.3.tgz#819f16dd4c767c864b460004458620f265a3f735"
  integrity sha512-dSOJmhKQ0nL8O4EQMRNGpSExWCXeHtH57gGg0BfNAdWcKhC8/4Y+qfKLfWXzyHvrSecpLmO0SmAi/iK2D5fp5A==
  dependencies:
    "@firebase/app-types" "0.6.3"

"@firebase/firestore-types@^2.3.0":
  version "2.5.0"
  resolved "https://registry.npmjs.org/@firebase/firestore-types/-/firestore-types-2.5.0.tgz#16fca40b6980fdb000de86042d7a96635f2bcdd7"
  integrity sha512-I6c2m1zUhZ5SH0cWPmINabDyH5w0PPFHk2UHsjBpKdZllzJZ2TwTkXbDtpHUZNmnc/zAa0WNMNMvcvbb/xJLKA==
