# THIS IS AN AUTOGENERATED FILE. DO NOT EDIT THIS FILE DIRECTLY.
# yarn lockfile v1


"@firebase/app-types@0.6.1":
  version "0.6.1"
  resolved "https://registry.npmjs.org/@firebase/app-types/-/app-types-0.6.1.tgz#dcbd23030a71c0c74fc95d4a3f75ba81653850e9"
  integrity sha512-L/ZnJRAq7F++utfuoTKX4CLBG5YR7tFO3PLzG1/oXXKEezJ0kRL3CMRoueBEmTCzVb/6SIs2Qlaw++uDgi5Xyg==

"@firebase/auth-types@^0.10.1":
  version "0.10.3"
  resolved "https://registry.npmjs.org/@firebase/auth-types/-/auth-types-0.10.3.tgz#2be7dd93959c8f5304c63e09e98718e103464d8c"
  integrity sha512-zExrThRqyqGUbXOFrH/sowuh2rRtfKHp9SBVY2vOqKWdCX1Ztn682n9WLtlUDsiYVIbBcwautYWk2HyCGFv0OA==

"@firebase/database-types@^0.5.2":
  version "0.5.2"
  resolved "https://registry.npmjs.org/@firebase/database-types/-/database-types-0.5.2.tgz#23bec8477f84f519727f165c687761e29958b63c"
  integrity sha512-ap2WQOS3LKmGuVFKUghFft7RxXTyZTDr0Xd8y2aqmWsbJVjgozi0huL/EUMgTjGFrATAjcf2A7aNs8AKKZ2a8g==
  dependencies:
    "@firebase/app-types" "0.6.1"

"@firebase/firestore-types@^1.14.0":
  version "1.14.0"
  resolved "https://registry.npmjs.org/@firebase/firestore-types/-/firestore-types-1.14.0.tgz#4516249d3c181849fd3c856831944dbd5c8c55fc"
  integrity sha512-WF8IBwHzZDhwyOgQnmB0pheVrLNP78A8PGxk1nxb/Nrgh1amo4/zYvFMGgSsTeaQK37xMYS/g7eS948te/dJxw==
