# THIS IS AN AUTOGENERATED FILE. DO NOT EDIT THIS FILE DIRECTLY.
# yarn lockfile v1


brilliant-errors@^0.3.1:
  version "0.3.1"
  resolved "https://registry.npmjs.org/brilliant-errors/-/brilliant-errors-0.3.1.tgz#c3e59fa01f52069d6cd3f64da77436c0f75aea0f"
  integrity sha512-oPUlFidgxs6HhTo1ksSoAAEG2nDXdR+73Za2t6s2Yem1MXJzq+tJy9zYs65TWt/suLA3bGE6PLUyS3+yysnbEQ==
  dependencies:
    callsites "^3.1.0"
    common-types "^1.25.0"

callsites@^3.1.0:
  version "3.1.0"
  resolved "https://registry.npmjs.org/callsites/-/callsites-3.1.0.tgz#b3630abd8943432f54b3f0519238e33cd7df2f73"
  integrity sha512-P8BjAsXvZS+VIDUI11hHCQEv74YT67YUi5JJFNWIqL235sBmjX4+qx9Muvls5ivyNENctx46xQLQ3aTuE7ssaQ==

common-types@^1.25.0:
  version "1.28.2"
  resolved "https://registry.npmjs.org/common-types/-/common-types-1.28.2.tgz#09b6bcf48c5aede67f06adc050b63cd5371cc8c7"
  integrity sha512-NyxLB6VzJ1RhTbtZ56mOa5m7bhjhw6Bb59DEF+Qwt6yne2KKtFV8L7GCVv/fJjltOuuNJAUwpajMjBx7q31rgg==

deepmerge@^4.2.2:
  version "4.2.2"
  resolved "https://registry.npmjs.org/deepmerge/-/deepmerge-4.2.2.tgz#44d2ea3679b8f4d4ffba33f03d865fc1e7bf4955"
  integrity sha512-FJ3UgI4gIl+PHZm53knsuSFpE+nESMr7M4v9QcgB7S63Kj/6WqMiFQJpBBYz1Pt+66bZpP3Q7Lye0Oo9MPKEdg==

email-validator@^2.0.4:
  version "2.0.4"
  resolved "https://registry.npmjs.org/email-validator/-/email-validator-2.0.4.tgz#b8dfaa5d0dae28f1b03c95881d904d4e40bfe7ed"
  integrity sha512-gYCwo7kh5S3IDyZPLZf6hSS0MnZT8QmJFqYvbqlDZSbwdZlY6QZWxJ4i/6UhITOJ4XzyI647Bm2MXKCLqnJ4nQ==

fast-copy@^2.1.0:
  version "2.1.1"
  resolved "https://registry.npmjs.org/fast-copy/-/fast-copy-2.1.1.tgz#f5cbcf2df64215e59b8e43f0b2caabc19848083a"
  integrity sha512-Qod3DdRgFZ8GUIM6ygeoZYpQ0QLW9cf/FS9KhhjlYggcSZXWAemAw8BOCO5LuYCrR3Uj3qXDVTUzOUwG8C7beQ==

fast-equals@^2.0.0:
  version "2.0.3"
  resolved "https://registry.npmjs.org/fast-equals/-/fast-equals-2.0.3.tgz#7039b0a039909f345a2ce53f6202a14e5f392efc"
  integrity sha512-0EMw4TTUxsMDpDkCg0rXor2gsg+npVrMIHbEhvD0HZyIhUX6AktC/yasm+qKwfyswd06Qy95ZKk8p2crTo0iPA==
