# THIS IS AN AUTOGENERATED FILE. DO NOT EDIT THIS FILE DIRECTLY.
# yarn lockfile v1


"@types/faker@5.5.6":
  version "5.5.6"
  resolved "https://registry.yarnpkg.com/@types/faker/-/faker-5.5.6.tgz#039b700a9d8ad9150ecc842bf5e717e2027b6f75"
  integrity sha512-UCRj0kLg4sXs2XFVm48OU/wIjyJZkpRkwxhRGVQb5l5GmemkeW22WTz9iiDhYPBUqTzDsIWzhFRuF/4DD5+q2Q==

faker@5.5.3:
  version "5.5.3"
  resolved "https://registry.yarnpkg.com/faker/-/faker-5.5.3.tgz#c57974ee484431b25205c2c8dc09fda861e51e0e"
  integrity sha512-wLTv2a28wjUyWkbnX7u/ABZBkUkIF2fCd73V6P2oFqEGEktDfzWx4UxrSqtPRw0xPRAcjeAOIiJWqZm3pP4u3g==

firebase-key@2.0.2:
  version "2.0.2"
  resolved "https://registry.yarnpkg.com/firebase-key/-/firebase-key-2.0.2.tgz#44ffdc460faeb774ef95e04a43027042974cfe5c"
  integrity sha512-gH0u6apANQsqHUqcf+Yd49VaUQyKNCLxofwYx0gqUGcymeLs5HWg/3tXroGheYYH8+ynxbrnP/Z4F/FEqNy9Ow==

native-dash@1.15.1:
  version "1.15.1"
  resolved "https://registry.yarnpkg.com/native-dash/-/native-dash-1.15.1.tgz#1844975783b958e4b072aa5978f0f95b79aa7218"
  integrity sha512-fAlm/L7JmQzI8+nMs4dDpx4IPYQJyqvmr/HlCr9fyk2gcwYkLt/uIrnRdVkVnRSV3dSSGMBmfniFR+a7Zz4dCw==
