# THIS IS AN AUTOGENERATED FILE. DO NOT EDIT THIS FILE DIRECTLY.
# yarn lockfile v1


"@firebase/app-types@0.6.1":
  version "0.6.1"
  resolved "https://registry.yarnpkg.com/@firebase/app-types/-/app-types-0.6.1.tgz#dcbd23030a71c0c74fc95d4a3f75ba81653850e9"
  integrity sha512-L/ZnJRAq7F++utfuoTKX4CLBG5YR7tFO3PLzG1/oXXKEezJ0kRL3CMRoueBEmTCzVb/6SIs2Qlaw++uDgi5Xyg==

"@firebase/app@^0.6.13":
  version "0.6.13"
  resolved "https://registry.yarnpkg.com/@firebase/app/-/app-0.6.13.tgz#f2e9fa9e75815e54161dc34659a60f1fffd9a450"
  integrity sha512-xGrJETzvCb89VYbGSHFHCW7O/y067HRxT7MGehUE1xMxdPVBDNayHnxEuKwzfGvXAjVmajXBKFlKxaCWpgSjCQ==
  dependencies:
    "@firebase/app-types" "0.6.1"
    "@firebase/component" "0.1.21"
    "@firebase/logger" "0.2.6"
    "@firebase/util" "0.3.4"
    dom-storage "2.1.0"
    tslib "^1.11.1"
    xmlhttprequest "1.8.0"

"@firebase/component@0.1.21":
  version "0.1.21"
  resolved "https://registry.yarnpkg.com/@firebase/component/-/component-0.1.21.tgz#56062eb0d449dc1e7bbef3c084a9b5fa48c7c14d"
  integrity sha512-kd5sVmCLB95EK81Pj+yDTea8pzN2qo/1yr0ua9yVi6UgMzm6zAeih73iVUkaat96MAHy26yosMufkvd3zC4IKg==
  dependencies:
    "@firebase/util" "0.3.4"
    tslib "^1.11.1"

"@firebase/logger@0.2.6":
  version "0.2.6"
  resolved "https://registry.yarnpkg.com/@firebase/logger/-/logger-0.2.6.tgz#3aa2ca4fe10327cabf7808bd3994e88db26d7989"
  integrity sha512-KIxcUvW/cRGWlzK9Vd2KB864HlUnCfdTH0taHE0sXW5Xl7+W68suaeau1oKNEqmc3l45azkd4NzXTCWZRZdXrw==

"@firebase/util@0.3.4":
  version "0.3.4"
  resolved "https://registry.yarnpkg.com/@firebase/util/-/util-0.3.4.tgz#e389d0e0e2aac88a5235b06ba9431db999d4892b"
  integrity sha512-VwjJUE2Vgr2UMfH63ZtIX9Hd7x+6gayi6RUXaTqEYxSbf/JmehLmAEYSuxS/NckfzAXWeGnKclvnXVibDgpjQQ==
  dependencies:
    tslib "^1.11.1"

"@types/events@^3.0.0":
  version "3.0.0"
  resolved "https://registry.yarnpkg.com/@types/events/-/events-3.0.0.tgz#2862f3f58a9a7f7c3e78d79f130dd4d71c25c2a7"
  integrity sha512-EaObqwIvayI5a8dCzhFrjKzVwKLxjoG9T6Ppd5CEo07LRKfQ8Yokw54r5+Wq7FaBQ+yXRvQAYPrHwya1/UFt9g==

"@types/json-schema@^7.0.4":
  version "7.0.4"
  resolved "https://registry.yarnpkg.com/@types/json-schema/-/json-schema-7.0.4.tgz#38fd73ddfd9b55abb1e1b2ed578cb55bd7b7d339"
  integrity sha512-8+KAKzEvSUdeo+kmqnKrqgeE+LcA0tjYWFY7RPProVYwnqDjukzO+3b6dLD56rYX5TdWejnEOLJYOIeh4CXKuA==

common-types@^1.15.6:
  version "1.15.6"
  resolved "https://registry.yarnpkg.com/common-types/-/common-types-1.15.6.tgz#822e88ae178a35dbf3adf71330c247ab4d4bd165"
  integrity sha512-+NSTvWuAMgLmJitu5yfhUQf0pLfpUtIQ5PHzxty/hMSoRZnl0N0TU+PFvDzmKWijEJfuUN5bTtN3Lg65vTOm2A==
  dependencies:
    "@types/json-schema" "^7.0.4"

dom-storage@2.1.0:
  version "2.1.0"
  resolved "https://registry.yarnpkg.com/dom-storage/-/dom-storage-2.1.0.tgz#00fb868bc9201357ea243c7bcfd3304c1e34ea39"
  integrity sha512-g6RpyWXzl0RR6OTElHKBl7nwnK87GUyZMYC7JWsB/IA73vpqK2K6LT39x4VepLxlSsWBFrPVLnsSR5Jyty0+2Q==

events@^3.1.0:
  version "3.1.0"
  resolved "https://registry.yarnpkg.com/events/-/events-3.1.0.tgz#84279af1b34cb75aa88bf5ff291f6d0bd9b31a59"
  integrity sha512-Rv+u8MLHNOdMjTAFeT3nCjHn2aGlx435FP/sDHNaRhDEMwyI/aB22Kj2qIN8R0cw3z28psEQLYwxVKLsKrMgWg==

lodash-es@^4.17.15:
  version "4.17.15"
  resolved "https://registry.yarnpkg.com/lodash-es/-/lodash-es-4.17.15.tgz#21bd96839354412f23d7a10340e5eac6ee455d78"
  integrity sha512-rlrc3yU3+JNOpZ9zj5pQtxnx2THmvRykwL4Xlxoa8I9lHBlVbbyPhgyPMioxVZ4NqyxaVVtaJnzsyOidQIhyyQ==

lodash.first@^3.0.0:
  version "3.0.0"
  resolved "https://registry.yarnpkg.com/lodash.first/-/lodash.first-3.0.0.tgz#5dae180d7f818ee65fc5b210b104a7bbef98a16a"
  integrity sha1-Xa4YDX+BjuZfxbIQsQSnu++YoWo=

lodash.last@^3.0.0:
  version "3.0.0"
  resolved "https://registry.yarnpkg.com/lodash.last/-/lodash.last-3.0.0.tgz#242f663112dd4c6e63728c60a3c909d1bdadbd4c"
  integrity sha1-JC9mMRLdTG5jcoxgo8kJ0b2tvUw=

tslib@^1.11.1:
  version "1.13.0"
  resolved "https://registry.yarnpkg.com/tslib/-/tslib-1.13.0.tgz#c881e13cc7015894ed914862d276436fa9a47043"
  integrity sha512-i/6DQjL8Xf3be4K/E6Wgpekn5Qasl1usyw++dAA35Ue5orEn65VIxOA+YvNNl9HV3qv70T7CNwjODHZrLwvd1Q==

typed-conversions@^0.11.1:
  version "0.11.1"
  resolved "https://registry.yarnpkg.com/typed-conversions/-/typed-conversions-0.11.1.tgz#06ffbb531027d3ae700419399b54248e86969cfb"
  integrity sha512-x/5QpXSDY5IrLO2jSxSwZwEFv/sccchDKuP2RsxwzxwUQxBSyZq0IDwCkmuohg0C5rFfLYN5pB8tLF0WBgwJhg==
  dependencies:
    common-types "^1.15.6"
    lodash-es "^4.17.15"

xmlhttprequest@1.8.0:
  version "1.8.0"
  resolved "https://registry.yarnpkg.com/xmlhttprequest/-/xmlhttprequest-1.8.0.tgz#67fe075c5c24fef39f9d65f5f7b7fe75171968fc"
  integrity sha1-Z/4HXFwk/vOfnWX197f+dRcZaPw=
