# THIS IS AN AUTOGENERATED FILE. DO NOT EDIT THIS FILE DIRECTLY.
# yarn lockfile v1


"@firebase/app-types@0.6.2":
  version "0.6.2"
  resolved "https://registry.npmjs.org/@firebase/app-types/-/app-types-0.6.2.tgz#8578cb1061a83ced4570188be9e225d54e0f27fb"
  integrity sha512-2VXvq/K+n8XMdM4L2xy5bYp2ZXMawJXluUIDzUBvMthVR+lhxK4pfFiqr1mmDbv9ydXvEAuFsD+6DpcZuJcSSw==

"@firebase/app@^0.6.11":
  version "0.6.27"
  resolved "https://registry.npmjs.org/@firebase/app/-/app-0.6.27.tgz#abba117cb42dc221181eafe778d565bf861ffba0"
  integrity sha512-nbk4TylzN2UmXVAI/S/g5ZyRwHjRcFR2AJtDcp47P/mMHXMH0n15aiyIIdZ/BB7KDzfg6F6hTHdtcgLAJbl5PA==
  dependencies:
    "@firebase/app-types" "0.6.2"
    "@firebase/component" "0.5.3"
    "@firebase/logger" "0.2.6"
    "@firebase/util" "1.1.0"
    dom-storage "2.1.0"
    tslib "^2.1.0"
    xmlhttprequest "1.8.0"

"@firebase/component@0.5.3":
  version "0.5.3"
  resolved "https://registry.npmjs.org/@firebase/component/-/component-0.5.3.tgz#1ccd4d0814f9c1d7f179deab2122374f74571315"
  integrity sha512-/TzwmlK35Mnr31zA9D4X0Obln7waAtV7nDLuNVtWhlXl0sSYRxnGES4dOhSXi0yWRneaNr+OiRBZ2gsc9PWWRg==
  dependencies:
    "@firebase/util" "1.1.0"
    tslib "^2.1.0"

"@firebase/logger@0.2.6":
  version "0.2.6"
  resolved "https://registry.npmjs.org/@firebase/logger/-/logger-0.2.6.tgz#3aa2ca4fe10327cabf7808bd3994e88db26d7989"
  integrity sha512-KIxcUvW/cRGWlzK9Vd2KB864HlUnCfdTH0taHE0sXW5Xl7+W68suaeau1oKNEqmc3l45azkd4NzXTCWZRZdXrw==

"@firebase/util@1.1.0":
  version "1.1.0"
  resolved "https://registry.npmjs.org/@firebase/util/-/util-1.1.0.tgz#add2d57d0b2307a932520abdee303b66be0ac8b0"
  integrity sha512-lfuSASuPKNdfebuFR8rjFamMQUPH9iiZHcKS755Rkm/5gRT0qC7BMhCh3ZkHf7NVbplzIc/GhmX2jM+igDRCag==
  dependencies:
    tslib "^2.1.0"

"@types/events@^3.0.0":
  version "3.0.0"
  resolved "https://registry.npmjs.org/@types/events/-/events-3.0.0.tgz#2862f3f58a9a7f7c3e78d79f130dd4d71c25c2a7"
  integrity sha512-EaObqwIvayI5a8dCzhFrjKzVwKLxjoG9T6Ppd5CEo07LRKfQ8Yokw54r5+Wq7FaBQ+yXRvQAYPrHwya1/UFt9g==

common-types@^1.15.6:
  version "1.26.0"
  resolved "https://registry.npmjs.org/common-types/-/common-types-1.26.0.tgz#e2ab2a40aec9999cae1729b27336e89303655db3"
  integrity sha512-qrjJc8td9XsfScJqGYLDvrBpIiKsy0F8pekCRsZAUYlbnz1k9xiIf2J24iFTjcMnLiUyS/GQS8Il+dA6NgH9wQ==

dom-storage@2.1.0:
  version "2.1.0"
  resolved "https://registry.npmjs.org/dom-storage/-/dom-storage-2.1.0.tgz#00fb868bc9201357ea243c7bcfd3304c1e34ea39"
  integrity sha512-g6RpyWXzl0RR6OTElHKBl7nwnK87GUyZMYC7JWsB/IA73vpqK2K6LT39x4VepLxlSsWBFrPVLnsSR5Jyty0+2Q==

events@^3.1.0:
  version "3.3.0"
  resolved "https://registry.npmjs.org/events/-/events-3.3.0.tgz#31a95ad0a924e2d2c419a813aeb2c4e878ea7400"
  integrity sha512-mQw+2fkQbALzQ7V0MY0IqdnXNOeTtP4r0lN9z7AAawCXgqea7bDii20AYrIBrFd/Hx0M2Ocz6S111CaFkUcb0Q==

lodash-es@^4.17.15:
  version "4.17.21"
  resolved "https://registry.npmjs.org/lodash-es/-/lodash-es-4.17.21.tgz#43e626c46e6591b7750beb2b50117390c609e3ee"
  integrity sha512-mKnC+QJ9pWVzv+C4/U3rRsHapFfHvQFoFB92e52xeyGMcX6/OlIl78je1u8vePzYZSkkogMPJ2yjxxsb89cxyw==

lodash.first@^3.0.0:
  version "3.0.0"
  resolved "https://registry.npmjs.org/lodash.first/-/lodash.first-3.0.0.tgz#5dae180d7f818ee65fc5b210b104a7bbef98a16a"
  integrity sha1-Xa4YDX+BjuZfxbIQsQSnu++YoWo=

lodash.last@^3.0.0:
  version "3.0.0"
  resolved "https://registry.npmjs.org/lodash.last/-/lodash.last-3.0.0.tgz#242f663112dd4c6e63728c60a3c909d1bdadbd4c"
  integrity sha1-JC9mMRLdTG5jcoxgo8kJ0b2tvUw=

tslib@^2.1.0:
  version "2.3.0"
  resolved "https://registry.npmjs.org/tslib/-/tslib-2.3.0.tgz#803b8cdab3e12ba581a4ca41c8839bbb0dacb09e"
  integrity sha512-N82ooyxVNm6h1riLCoyS9e3fuJ3AMG2zIZs2Gd1ATcSFjSA23Q0fzjjZeh0jbJvWVDZ0cJT8yaNNaaXHzueNjg==

typed-conversions@^0.11.1:
  version "0.11.1"
  resolved "https://registry.npmjs.org/typed-conversions/-/typed-conversions-0.11.1.tgz#06ffbb531027d3ae700419399b54248e86969cfb"
  integrity sha512-x/5QpXSDY5IrLO2jSxSwZwEFv/sccchDKuP2RsxwzxwUQxBSyZq0IDwCkmuohg0C5rFfLYN5pB8tLF0WBgwJhg==
  dependencies:
    common-types "^1.15.6"
    lodash-es "^4.17.15"

xmlhttprequest@1.8.0:
  version "1.8.0"
  resolved "https://registry.npmjs.org/xmlhttprequest/-/xmlhttprequest-1.8.0.tgz#67fe075c5c24fef39f9d65f5f7b7fe75171968fc"
  integrity sha1-Z/4HXFwk/vOfnWX197f+dRcZaPw=
