# THIS IS AN AUTOGENERATED FILE. DO NOT EDIT THIS FILE DIRECTLY.
# yarn lockfile v1


"@firebase/app-types@0.6.2":
  version "0.6.2"
  resolved "https://registry.npmjs.org/@firebase/app-types/-/app-types-0.6.2.tgz#8578cb1061a83ced4570188be9e225d54e0f27fb"
  integrity sha512-2VXvq/K+n8XMdM4L2xy5bYp2ZXMawJXluUIDzUBvMthVR+lhxK4pfFiqr1mmDbv9ydXvEAuFsD+6DpcZuJcSSw==

"@firebase/app@^0.6.11":
  version "0.6.27"
  resolved "https://registry.npmjs.org/@firebase/app/-/app-0.6.27.tgz#abba117cb42dc221181eafe778d565bf861ffba0"
  integrity sha512-nbk4TylzN2UmXVAI/S/g5ZyRwHjRcFR2AJtDcp47P/mMHXMH0n15aiyIIdZ/BB7KDzfg6F6hTHdtcgLAJbl5PA==
  dependencies:
    "@firebase/app-types" "0.6.2"
    "@firebase/component" "0.5.3"
    "@firebase/logger" "0.2.6"
    "@firebase/util" "1.1.0"
    dom-storage "2.1.0"
    tslib "^2.1.0"
    xmlhttprequest "1.8.0"

"@firebase/auth-interop-types@0.1.6":
  version "0.1.6"
  resolved "https://registry.yarnpkg.com/@firebase/auth-interop-types/-/auth-interop-types-0.1.6.tgz#5ce13fc1c527ad36f1bb1322c4492680a6cf4964"
  integrity sha512-etIi92fW3CctsmR9e3sYM3Uqnoq861M0Id9mdOPF6PWIg38BXL5k4upCNBggGUpLIS0H1grMOvy/wn1xymwe2g==

"@firebase/auth-types@0.10.3":
  version "0.10.3"
  resolved "https://registry.yarnpkg.com/@firebase/auth-types/-/auth-types-0.10.3.tgz#2be7dd93959c8f5304c63e09e98718e103464d8c"
  integrity sha512-zExrThRqyqGUbXOFrH/sowuh2rRtfKHp9SBVY2vOqKWdCX1Ztn682n9WLtlUDsiYVIbBcwautYWk2HyCGFv0OA==

"@firebase/auth@^0.16.7":
  version "0.16.7"
  resolved "https://registry.yarnpkg.com/@firebase/auth/-/auth-0.16.7.tgz#5e65dbe6c33df378c7036649061e6c2546c2eb7b"
  integrity sha512-bR3XvFIgX7fmYrTaTRBRYoijv6G7wUreX+A6NmBMVdhQ3Xcam1JwJcrqpP2mi9nyHDy8MKBhGVNOcwqQ9vBmcA==
  dependencies:
    "@firebase/auth-types" "0.10.3"

"@firebase/component@0.5.3":
  version "0.5.3"
  resolved "https://registry.npmjs.org/@firebase/component/-/component-0.5.3.tgz#1ccd4d0814f9c1d7f179deab2122374f74571315"
  integrity sha512-/TzwmlK35Mnr31zA9D4X0Obln7waAtV7nDLuNVtWhlXl0sSYRxnGES4dOhSXi0yWRneaNr+OiRBZ2gsc9PWWRg==
  dependencies:
    "@firebase/util" "1.1.0"
    tslib "^2.1.0"

"@firebase/database-types@0.7.2":
  version "0.7.2"
  resolved "https://registry.yarnpkg.com/@firebase/database-types/-/database-types-0.7.2.tgz#449c4b36ec59a1ad9089797b540e2ba1c0d4fcbf"
  integrity sha512-cdAd/dgwvC0r3oLEDUR+ULs1vBsEvy0b27nlzKhU6LQgm9fCDzgaH9nFGv8x+S9dly4B0egAXkONkVoWcOAisg==
  dependencies:
    "@firebase/app-types" "0.6.2"

"@firebase/database@^0.10.5":
  version "0.10.5"
  resolved "https://registry.yarnpkg.com/@firebase/database/-/database-0.10.5.tgz#99de469642768766fdefcc560d04a091d1390de2"
  integrity sha512-/KAFZGSvvL3J4EytZsl5kgqhZwEV+ZTz6mCS3VPigkkECzT1E/JRm9h8DY5/VWmoyfqc5O2F3kqrrLf7AovoHg==
  dependencies:
    "@firebase/auth-interop-types" "0.1.6"
    "@firebase/component" "0.5.3"
    "@firebase/database-types" "0.7.2"
    "@firebase/logger" "0.2.6"
    "@firebase/util" "1.1.0"
    faye-websocket "0.11.3"
    tslib "^2.1.0"

"@firebase/logger@0.2.6":
  version "0.2.6"
  resolved "https://registry.npmjs.org/@firebase/logger/-/logger-0.2.6.tgz#3aa2ca4fe10327cabf7808bd3994e88db26d7989"
  integrity sha512-KIxcUvW/cRGWlzK9Vd2KB864HlUnCfdTH0taHE0sXW5Xl7+W68suaeau1oKNEqmc3l45azkd4NzXTCWZRZdXrw==

"@firebase/util@1.1.0":
  version "1.1.0"
  resolved "https://registry.npmjs.org/@firebase/util/-/util-1.1.0.tgz#add2d57d0b2307a932520abdee303b66be0ac8b0"
  integrity sha512-lfuSASuPKNdfebuFR8rjFamMQUPH9iiZHcKS755Rkm/5gRT0qC7BMhCh3ZkHf7NVbplzIc/GhmX2jM+igDRCag==
  dependencies:
    tslib "^2.1.0"

"@types/events@^3.0.0":
  version "3.0.0"
  resolved "https://registry.npmjs.org/@types/events/-/events-3.0.0.tgz#2862f3f58a9a7f7c3e78d79f130dd4d71c25c2a7"
  integrity sha512-EaObqwIvayI5a8dCzhFrjKzVwKLxjoG9T6Ppd5CEo07LRKfQ8Yokw54r5+Wq7FaBQ+yXRvQAYPrHwya1/UFt9g==

common-types@^1.15.6:
  version "1.26.0"
  resolved "https://registry.npmjs.org/common-types/-/common-types-1.26.0.tgz#e2ab2a40aec9999cae1729b27336e89303655db3"
  integrity sha512-qrjJc8td9XsfScJqGYLDvrBpIiKsy0F8pekCRsZAUYlbnz1k9xiIf2J24iFTjcMnLiUyS/GQS8Il+dA6NgH9wQ==

dom-storage@2.1.0:
  version "2.1.0"
  resolved "https://registry.npmjs.org/dom-storage/-/dom-storage-2.1.0.tgz#00fb868bc9201357ea243c7bcfd3304c1e34ea39"
  integrity sha512-g6RpyWXzl0RR6OTElHKBl7nwnK87GUyZMYC7JWsB/IA73vpqK2K6LT39x4VepLxlSsWBFrPVLnsSR5Jyty0+2Q==

events@^3.1.0:
  version "3.3.0"
  resolved "https://registry.npmjs.org/events/-/events-3.3.0.tgz#31a95ad0a924e2d2c419a813aeb2c4e878ea7400"
  integrity sha512-mQw+2fkQbALzQ7V0MY0IqdnXNOeTtP4r0lN9z7AAawCXgqea7bDii20AYrIBrFd/Hx0M2Ocz6S111CaFkUcb0Q==

faye-websocket@0.11.3:
  version "0.11.3"
  resolved "https://registry.yarnpkg.com/faye-websocket/-/faye-websocket-0.11.3.tgz#5c0e9a8968e8912c286639fde977a8b209f2508e"
  integrity sha512-D2y4bovYpzziGgbHYtGCMjlJM36vAl/y+xUyn1C+FVx8szd1E+86KwVw6XvYSzOP8iMpm1X0I4xJD+QtUb36OA==
  dependencies:
    websocket-driver ">=0.5.1"

http-parser-js@>=0.5.1:
  version "0.5.3"
  resolved "https://registry.yarnpkg.com/http-parser-js/-/http-parser-js-0.5.3.tgz#01d2709c79d41698bb01d4decc5e9da4e4a033d9"
  integrity sha512-t7hjvef/5HEK7RWTdUzVUhl8zkEu+LlaE0IYzdMuvbSDipxBRpOn4Uhw8ZyECEa808iVT8XCjzo6xmYt4CiLZg==

lodash-es@^4.17.15:
  version "4.17.21"
  resolved "https://registry.npmjs.org/lodash-es/-/lodash-es-4.17.21.tgz#43e626c46e6591b7750beb2b50117390c609e3ee"
  integrity sha512-mKnC+QJ9pWVzv+C4/U3rRsHapFfHvQFoFB92e52xeyGMcX6/OlIl78je1u8vePzYZSkkogMPJ2yjxxsb89cxyw==

lodash.first@^3.0.0:
  version "3.0.0"
  resolved "https://registry.npmjs.org/lodash.first/-/lodash.first-3.0.0.tgz#5dae180d7f818ee65fc5b210b104a7bbef98a16a"
  integrity sha1-Xa4YDX+BjuZfxbIQsQSnu++YoWo=

lodash.last@^3.0.0:
  version "3.0.0"
  resolved "https://registry.npmjs.org/lodash.last/-/lodash.last-3.0.0.tgz#242f663112dd4c6e63728c60a3c909d1bdadbd4c"
  integrity sha1-JC9mMRLdTG5jcoxgo8kJ0b2tvUw=

safe-buffer@>=5.1.0:
  version "5.2.1"
  resolved "https://registry.yarnpkg.com/safe-buffer/-/safe-buffer-5.2.1.tgz#1eaf9fa9bdb1fdd4ec75f58f9cdb4e6b7827eec6"
  integrity sha512-rp3So07KcdmmKbGvgaNxQSJr7bGVSVk5S9Eq1F+ppbRo70+YeaDxkw5Dd8NPN+GD6bjnYm2VuPuCXmpuYvmCXQ==

tslib@^2.1.0:
  version "2.3.0"
  resolved "https://registry.npmjs.org/tslib/-/tslib-2.3.0.tgz#803b8cdab3e12ba581a4ca41c8839bbb0dacb09e"
  integrity sha512-N82ooyxVNm6h1riLCoyS9e3fuJ3AMG2zIZs2Gd1ATcSFjSA23Q0fzjjZeh0jbJvWVDZ0cJT8yaNNaaXHzueNjg==

typed-conversions@^0.11.1:
  version "0.11.1"
  resolved "https://registry.npmjs.org/typed-conversions/-/typed-conversions-0.11.1.tgz#06ffbb531027d3ae700419399b54248e86969cfb"
  integrity sha512-x/5QpXSDY5IrLO2jSxSwZwEFv/sccchDKuP2RsxwzxwUQxBSyZq0IDwCkmuohg0C5rFfLYN5pB8tLF0WBgwJhg==
  dependencies:
    common-types "^1.15.6"
    lodash-es "^4.17.15"

websocket-driver@>=0.5.1:
  version "0.7.4"
  resolved "https://registry.yarnpkg.com/websocket-driver/-/websocket-driver-0.7.4.tgz#89ad5295bbf64b480abcba31e4953aca706f5760"
  integrity sha512-b17KeDIQVjvb0ssuSDF2cYXSg2iztliJ4B9WdsuB6J952qCPKmnVq4DyW5motImXHDC1cBT/1UezrJVsKw5zjg==
  dependencies:
    http-parser-js ">=0.5.1"
    safe-buffer ">=5.1.0"
    websocket-extensions ">=0.1.1"

websocket-extensions@>=0.1.1:
  version "0.1.4"
  resolved "https://registry.yarnpkg.com/websocket-extensions/-/websocket-extensions-0.1.4.tgz#7f8473bc839dfd87608adb95d7eb075211578a42"
  integrity sha512-OqedPIGOfsDlo31UNwYbCFMSaO9m9G/0faIHj5/dZFDMFqPTcx6UwqyOy3COEaEOg/9VsGIpdqn62W5KhoKSpg==

xmlhttprequest@1.8.0:
  version "1.8.0"
  resolved "https://registry.npmjs.org/xmlhttprequest/-/xmlhttprequest-1.8.0.tgz#67fe075c5c24fef39f9d65f5f7b7fe75171968fc"
  integrity sha1-Z/4HXFwk/vOfnWX197f+dRcZaPw=
