# THIS IS AN AUTOGENERATED FILE. DO NOT EDIT THIS FILE DIRECTLY.
# yarn lockfile v1


"@forest-fire/serialized-query@^0.43.0":
  version "0.43.0"
  resolved "https://registry.yarnpkg.com/@forest-fire/serialized-query/-/serialized-query-0.43.0.tgz#06b14dbfc85245a10663c2eb367c34db873c11f5"
  integrity sha512-1YoWjB36kAqw0UUHmB0CGTk+BGVJ2DoodF1GTD9JHpuvCWRqjuCzJzXLSmNRzGe13pnF264LYJ/dqxWWEc7GLA==
  dependencies:
    common-types "^1.14.3"

"@types/json-schema@^7.0.4":
  version "7.0.4"
  resolved "https://registry.yarnpkg.com/@types/json-schema/-/json-schema-7.0.4.tgz#38fd73ddfd9b55abb1e1b2ed578cb55bd7b7d339"
  integrity sha512-8+KAKzEvSUdeo+kmqnKrqgeE+LcA0tjYWFY7RPProVYwnqDjukzO+3b6dLD56rYX5TdWejnEOLJYOIeh4CXKuA==

common-types@^1.14.3:
  version "1.14.3"
  resolved "https://registry.yarnpkg.com/common-types/-/common-types-1.14.3.tgz#b8cdfaea9fc71723642b8c0b66a1a3d81a84c83e"
  integrity sha512-PcBLbCLOak1PGXpbV1D1xYHeGrbuAQ9Hze2UpsyioWqcx1ZJIi2c/K2aW7gQvXqsw4UDcLjX9Q2nJBEvg7xLIw==
  dependencies:
    "@types/json-schema" "^7.0.4"
