# THIS IS AN AUTOGENERATED FILE. DO NOT EDIT THIS FILE DIRECTLY.
# yarn lockfile v1


brilliant-errors@^0.3.1:
  version "0.3.1"
  resolved "https://registry.npmjs.org/brilliant-errors/-/brilliant-errors-0.3.1.tgz#c3e59fa01f52069d6cd3f64da77436c0f75aea0f"
  integrity sha512-oPUlFidgxs6HhTo1ksSoAAEG2nDXdR+73Za2t6s2Yem1MXJzq+tJy9zYs65TWt/suLA3bGE6PLUyS3+yysnbEQ==
  dependencies:
    callsites "^3.1.0"
    common-types "^1.25.0"

callsites@^3.1.0:
  version "3.1.0"
  resolved "https://registry.npmjs.org/callsites/-/callsites-3.1.0.tgz#b3630abd8943432f54b3f0519238e33cd7df2f73"
  integrity sha512-P8BjAsXvZS+VIDUI11hHCQEv74YT67YUi5JJFNWIqL235sBmjX4+qx9Muvls5ivyNENctx46xQLQ3aTuE7ssaQ==

common-types@^1.15.6, common-types@^1.25.0, common-types@^1.26.0:
  version "1.28.2"
  resolved "https://registry.npmjs.org/common-types/-/common-types-1.28.2.tgz#09b6bcf48c5aede67f06adc050b63cd5371cc8c7"
  integrity sha512-NyxLB6VzJ1RhTbtZ56mOa5m7bhjhw6Bb59DEF+Qwt6yne2KKtFV8L7GCVv/fJjltOuuNJAUwpajMjBx7q31rgg==

inferred-types@^0.9.2:
  version "0.9.2"
  resolved "https://registry.npmjs.org/inferred-types/-/inferred-types-0.9.2.tgz#6927059e7581e1f19ef2fe508491a0dd6f4a1a9d"
  integrity sha512-H7l53Sdau6IFTMVVaChjnCko2t/Ql/oBUdvh6/BfNqmmkCa9be/z3X4JjwQ7jfxDjEn8tIHiPmNyHM30q7XPkQ==
  dependencies:
    brilliant-errors "^0.3.1"
    native-dash "^1.15.1"
  optionalDependencies:
    common-types "^1.26.0"

native-dash@^1.15.1, native-dash@^1.16.2:
  version "1.18.4"
  resolved "https://registry.npmjs.org/native-dash/-/native-dash-1.18.4.tgz#0ede1c4942d78319c3d61c44ef1c1eb98a79f441"
  integrity sha512-yHklLAGakR+3JU6U6/153kI8d5Ou25s8e+CkPjXpWdvhdL4iRgkqR/1RfrcUiwazABhrwTCR01eOYcZgn9wUow==
  optionalDependencies:
    inferred-types "^0.9.2"

typed-conversions@^0.12.0:
  version "0.12.0"
  resolved "https://registry.npmjs.org/typed-conversions/-/typed-conversions-0.12.0.tgz#20efbb2341c26294743941446db4ea1a120564fd"
  integrity sha512-g8bb74wUmiB7gqTMIulESo6tbEL0Q9W9F8HpNzs+giClhbgjGqq9gDnbaNhqkKCqL9csFReli6cpLLxDrAAcDQ==
  dependencies:
    common-types "^1.15.6"
    native-dash "^1.16.2"
