# THIS IS AN AUTOGENERATED FILE. DO NOT EDIT THIS FILE DIRECTLY.
# yarn lockfile v1


brilliant-errors@^0.3.1:
  version "0.3.1"
  resolved "https://registry.npmjs.org/brilliant-errors/-/brilliant-errors-0.3.1.tgz#c3e59fa01f52069d6cd3f64da77436c0f75aea0f"
  integrity sha512-oPUlFidgxs6HhTo1ksSoAAEG2nDXdR+73Za2t6s2Yem1MXJzq+tJy9zYs65TWt/suLA3bGE6PLUyS3+yysnbEQ==
  dependencies:
    callsites "^3.1.0"
    common-types "^1.25.0"

callsites@^3.1.0:
  version "3.1.0"
  resolved "https://registry.npmjs.org/callsites/-/callsites-3.1.0.tgz#b3630abd8943432f54b3f0519238e33cd7df2f73"
  integrity sha512-P8BjAsXvZS+VIDUI11hHCQEv74YT67YUi5JJFNWIqL235sBmjX4+qx9Muvls5ivyNENctx46xQLQ3aTuE7ssaQ==

common-types@^1.15.6, common-types@^1.25.0:
  version "1.26.0"
  resolved "https://registry.npmjs.org/common-types/-/common-types-1.26.0.tgz#e2ab2a40aec9999cae1729b27336e89303655db3"
  integrity sha512-qrjJc8td9XsfScJqGYLDvrBpIiKsy0F8pekCRsZAUYlbnz1k9xiIf2J24iFTjcMnLiUyS/GQS8Il+dA6NgH9wQ==

lodash-es@^4.17.15:
  version "4.17.21"
  resolved "https://registry.npmjs.org/lodash-es/-/lodash-es-4.17.21.tgz#43e626c46e6591b7750beb2b50117390c609e3ee"
  integrity sha512-mKnC+QJ9pWVzv+C4/U3rRsHapFfHvQFoFB92e52xeyGMcX6/OlIl78je1u8vePzYZSkkogMPJ2yjxxsb89cxyw==

typed-conversions@^0.11.1:
  version "0.11.1"
  resolved "https://registry.npmjs.org/typed-conversions/-/typed-conversions-0.11.1.tgz#06ffbb531027d3ae700419399b54248e86969cfb"
  integrity sha512-x/5QpXSDY5IrLO2jSxSwZwEFv/sccchDKuP2RsxwzxwUQxBSyZq0IDwCkmuohg0C5rFfLYN5pB8tLF0WBgwJhg==
  dependencies:
    common-types "^1.15.6"
    lodash-es "^4.17.15"
