# THIS IS AN AUTOGENERATED FILE. DO NOT EDIT THIS FILE DIRECTLY.
# yarn lockfile v1


is-gzip@^2.0.0:
  version "2.0.0"
  resolved "https://registry.npmjs.org/is-gzip/-/is-gzip-2.0.0.tgz#f4fed2bbd9f96bf2cb39e19262797fdb15aad933"
  integrity sha512-jtO4Njg6q58zDo/Pu4027beSZ0VdsZlt8/5Moco6yAg+DIxb5BK/xUYqYG2+MD4+piKldXJNHxRkhEYI2fvrxA==
